
Microsoft Visual Studio Solution File, Format Version 12.00
# Visual Studio Version 16
VisualStudioVersion = 16.0.28922.388
MinimumVisualStudioVersion = 10.0.40219.1
Project("{2150E333-8FDC-42A3-9474-1A3956D46DE8}") = "Library", "Library", "{C242A502-F1D4-4554-9FE5-CDA9ECE64015}"
EndProject
Project("{2150E333-8FDC-42A3-9474-1A3956D46DE8}") = "Presentation", "Presentation", "{4B09A547-917D-41D3-A2A5-C794776AE618}"
EndProject
Project("{2150E333-8FDC-42A3-9474-1A3956D46DE8}") = "Testing", "Testing", "{28CDB98F-2586-45B7-8619-641372CEA95D}"
EndProject
Project("{FAE04EC0-301F-11D3-BF4B-00C04F79EFBC}") = "EcoScooterClassLibrary", "ClassLibrary\EcoScooterClassLibrary.csproj", "{DA4528E9-9BC0-43BB-9829-01247999CE2A}"
EndProject
Project("{2150E333-8FDC-42A3-9474-1A3956D46DE8}") = "Lab1", "Lab1", "{E5889956-1E29-41C6-A0F3-FBBE0C4FBA5B}"
EndProject
Project("{FAE04EC0-301F-11D3-BF4B-00C04F79EFBC}") = "HelloWorldApp", "HelloWorldApp\HelloWorldApp.csproj", "{5619F1AF-AB4B-4D6D-A4E5-8BAEEAC23BEA}"
EndProject
Project("{2150E333-8FDC-42A3-9474-1A3956D46DE8}") = "Lab3", "Lab3", "{4EA1D3C3-D271-44F7-9CA6-D1065A5FC600}"
EndProject
Project("{9A19103F-16F7-4668-BE54-9A1E7A4F7556}") = "TestingLab3", "TestingLab3\TestingLab3.csproj", "{A454978B-4F4D-477A-9218-0CD925578445}"
EndProject
Project("{FAE04EC0-301F-11D3-BF4B-00C04F79EFBC}") = "DBTest", "DBTest\DBTest.csproj", "{96A2F140-38B9-4DE0-A3F3-F6E7864CC560}"
EndProject
Project("{FAE04EC0-301F-11D3-BF4B-00C04F79EFBC}") = "BusinessLogicTest", "BusinessLogicTest\BusinessLogicTest.csproj", "{66BF803E-E3E0-4085-ADAD-E6A0C4D92A04}"
EndProject
Project("{2150E333-8FDC-42A3-9474-1A3956D46DE8}") = "GUI", "GUI", "{A9398CB9-DEF2-4640-A7C1-69A2D3CA8D32}"
EndProject
Project("{FAE04EC0-301F-11D3-BF4B-00C04F79EFBC}") = "EcoScooter.GUI", "EcoScooter.GUI\EcoScooter.GUI.csproj", "{FFED5736-7AD6-41A9-AA94-18BC7ECBA983}"
EndProject
Global
	GlobalSection(SolutionConfigurationPlatforms) = preSolution
		Debug|Any CPU = Debug|Any CPU
		Release|Any CPU = Release|Any CPU
	EndGlobalSection
	GlobalSection(ProjectConfigurationPlatforms) = postSolution
		{DA4528E9-9BC0-43BB-9829-01247999CE2A}.Debug|Any CPU.ActiveCfg = Debug|Any CPU
		{DA4528E9-9BC0-43BB-9829-01247999CE2A}.Debug|Any CPU.Build.0 = Debug|Any CPU
		{DA4528E9-9BC0-43BB-9829-01247999CE2A}.Release|Any CPU.ActiveCfg = Release|Any CPU
		{DA4528E9-9BC0-43BB-9829-01247999CE2A}.Release|Any CPU.Build.0 = Release|Any CPU
		{5619F1AF-AB4B-4D6D-A4E5-8BAEEAC23BEA}.Debug|Any CPU.ActiveCfg = Debug|Any CPU
		{5619F1AF-AB4B-4D6D-A4E5-8BAEEAC23BEA}.Debug|Any CPU.Build.0 = Debug|Any CPU
		{5619F1AF-AB4B-4D6D-A4E5-8BAEEAC23BEA}.Release|Any CPU.ActiveCfg = Release|Any CPU
		{5619F1AF-AB4B-4D6D-A4E5-8BAEEAC23BEA}.Release|Any CPU.Build.0 = Release|Any CPU
		{A454978B-4F4D-477A-9218-0CD925578445}.Debug|Any CPU.ActiveCfg = Debug|Any CPU
		{A454978B-4F4D-477A-9218-0CD925578445}.Debug|Any CPU.Build.0 = Debug|Any CPU
		{A454978B-4F4D-477A-9218-0CD925578445}.Release|Any CPU.ActiveCfg = Release|Any CPU
		{A454978B-4F4D-477A-9218-0CD925578445}.Release|Any CPU.Build.0 = Release|Any CPU
		{96A2F140-38B9-4DE0-A3F3-F6E7864CC560}.Debug|Any CPU.ActiveCfg = Debug|Any CPU
		{96A2F140-38B9-4DE0-A3F3-F6E7864CC560}.Debug|Any CPU.Build.0 = Debug|Any CPU
		{96A2F140-38B9-4DE0-A3F3-F6E7864CC560}.Release|Any CPU.ActiveCfg = Release|Any CPU
		{96A2F140-38B9-4DE0-A3F3-F6E7864CC560}.Release|Any CPU.Build.0 = Release|Any CPU
		{66BF803E-E3E0-4085-ADAD-E6A0C4D92A04}.Debug|Any CPU.ActiveCfg = Debug|Any CPU
		{66BF803E-E3E0-4085-ADAD-E6A0C4D92A04}.Debug|Any CPU.Build.0 = Debug|Any CPU
		{66BF803E-E3E0-4085-ADAD-E6A0C4D92A04}.Release|Any CPU.ActiveCfg = Release|Any CPU
		{66BF803E-E3E0-4085-ADAD-E6A0C4D92A04}.Release|Any CPU.Build.0 = Release|Any CPU
		{FFED5736-7AD6-41A9-AA94-18BC7ECBA983}.Debug|Any CPU.ActiveCfg = Debug|Any CPU
		{FFED5736-7AD6-41A9-AA94-18BC7ECBA983}.Debug|Any CPU.Build.0 = Debug|Any CPU
		{FFED5736-7AD6-41A9-AA94-18BC7ECBA983}.Release|Any CPU.ActiveCfg = Release|Any CPU
		{FFED5736-7AD6-41A9-AA94-18BC7ECBA983}.Release|Any CPU.Build.0 = Release|Any CPU
	EndGlobalSection
	GlobalSection(SolutionProperties) = preSolution
		HideSolutionNode = FALSE
	EndGlobalSection
	GlobalSection(NestedProjects) = preSolution
		{DA4528E9-9BC0-43BB-9829-01247999CE2A} = {C242A502-F1D4-4554-9FE5-CDA9ECE64015}
		{E5889956-1E29-41C6-A0F3-FBBE0C4FBA5B} = {28CDB98F-2586-45B7-8619-641372CEA95D}
		{5619F1AF-AB4B-4D6D-A4E5-8BAEEAC23BEA} = {E5889956-1E29-41C6-A0F3-FBBE0C4FBA5B}
		{4EA1D3C3-D271-44F7-9CA6-D1065A5FC600} = {28CDB98F-2586-45B7-8619-641372CEA95D}
		{A454978B-4F4D-477A-9218-0CD925578445} = {4EA1D3C3-D271-44F7-9CA6-D1065A5FC600}
		{96A2F140-38B9-4DE0-A3F3-F6E7864CC560} = {28CDB98F-2586-45B7-8619-641372CEA95D}
		{66BF803E-E3E0-4085-ADAD-E6A0C4D92A04} = {28CDB98F-2586-45B7-8619-641372CEA95D}
		{FFED5736-7AD6-41A9-AA94-18BC7ECBA983} = {A9398CB9-DEF2-4640-A7C1-69A2D3CA8D32}
	EndGlobalSection
	GlobalSection(ExtensibilityGlobals) = postSolution
		SolutionGuid = {970DEA93-EB11-49B2-B431-B638381CDBFA}
	EndGlobalSection
EndGlobal
